
Microsoft Visual Studio Solution File, Format Version 12.00
# Visual Studio Version 17
VisualStudioVersion = 17.0.31903.59
MinimumVisualStudioVersion = 10.0.40219.1
Project("{9A19103F-16F7-4668-BE54-9A1E7A4F7556}") = "PdfAValidator", "PdfAValidator\PdfAValidator.csproj", "{28A809F4-F816-434C-9D5A-3DCC1EA55D40}"
EndProject
Project("{9A19103F-16F7-4668-BE54-9A1E7A4F7556}") = "PdfAValidatorTest", "PdfAValidatorTest\PdfAValidatorTest.csproj", "{C37599F8-FCB2-4159-B84D-6738A00494CD}"
EndProject
Project("{9A19103F-16F7-4668-BE54-9A1E7A4F7556}") = "PdfAValidatorWebApi", "PdfAValidatorWebApi\PdfAValidatorWebApi.csproj", "{E4512783-7E2E-454B-B4E2-3291344A8581}"
EndProject
Project("{2150E333-8FDC-42A3-9474-1A3956D46DE8}") = "Solution Items", "Solution Items", "{49D9D2CB-EF79-4962-B4C3-2F1BAFD9DCC8}"
	ProjectSection(SolutionItems) = preProject
		.editorconfig = .editorconfig
		cla.md = cla.md
		.github\workflows\cla.yml = .github\workflows\cla.yml
		.github\dependabot.yml = .github\dependabot.yml
		.github\workflows\dotnet.yml = .github\workflows\dotnet.yml
		LICENSE = LICENSE
		README.md = README.md
		.github\workflows\stale.yml = .github\workflows\stale.yml
		.vscode\updateNuget.sh = .vscode\updateNuget.sh
	EndProjectSection
EndProject
Project("{9A19103F-16F7-4668-BE54-9A1E7A4F7556}") = "PdfAValidatorWebApiTest", "PdfAValidatorWebApiTest\PdfAValidatorWebApiTest.csproj", "{92E8D03D-F39B-46BD-98BF-1F2BB0AE21BA}"
EndProject
Global
	GlobalSection(SolutionConfigurationPlatforms) = preSolution
		Debug|Any CPU = Debug|Any CPU
		Release|Any CPU = Release|Any CPU
	EndGlobalSection
	GlobalSection(ProjectConfigurationPlatforms) = postSolution
		{28A809F4-F816-434C-9D5A-3DCC1EA55D40}.Debug|Any CPU.ActiveCfg = Debug|Any CPU
		{28A809F4-F816-434C-9D5A-3DCC1EA55D40}.Debug|Any CPU.Build.0 = Debug|Any CPU
		{28A809F4-F816-434C-9D5A-3DCC1EA55D40}.Release|Any CPU.ActiveCfg = Release|Any CPU
		{28A809F4-F816-434C-9D5A-3DCC1EA55D40}.Release|Any CPU.Build.0 = Release|Any CPU
		{C37599F8-FCB2-4159-B84D-6738A00494CD}.Debug|Any CPU.ActiveCfg = Debug|Any CPU
		{C37599F8-FCB2-4159-B84D-6738A00494CD}.Debug|Any CPU.Build.0 = Debug|Any CPU
		{C37599F8-FCB2-4159-B84D-6738A00494CD}.Release|Any CPU.ActiveCfg = Release|Any CPU
		{C37599F8-FCB2-4159-B84D-6738A00494CD}.Release|Any CPU.Build.0 = Release|Any CPU
		{E4512783-7E2E-454B-B4E2-3291344A8581}.Debug|Any CPU.ActiveCfg = Debug|Any CPU
		{E4512783-7E2E-454B-B4E2-3291344A8581}.Debug|Any CPU.Build.0 = Debug|Any CPU
		{E4512783-7E2E-454B-B4E2-3291344A8581}.Release|Any CPU.ActiveCfg = Release|Any CPU
		{E4512783-7E2E-454B-B4E2-3291344A8581}.Release|Any CPU.Build.0 = Release|Any CPU
		{92E8D03D-F39B-46BD-98BF-1F2BB0AE21BA}.Debug|Any CPU.ActiveCfg = Debug|Any CPU
		{92E8D03D-F39B-46BD-98BF-1F2BB0AE21BA}.Debug|Any CPU.Build.0 = Debug|Any CPU
		{92E8D03D-F39B-46BD-98BF-1F2BB0AE21BA}.Release|Any CPU.ActiveCfg = Release|Any CPU
		{92E8D03D-F39B-46BD-98BF-1F2BB0AE21BA}.Release|Any CPU.Build.0 = Release|Any CPU
	EndGlobalSection
	GlobalSection(SolutionProperties) = preSolution
		HideSolutionNode = FALSE
	EndGlobalSection
	GlobalSection(ExtensibilityGlobals) = postSolution
		SolutionGuid = {5845207A-B53D-4FF9-967A-07D1AC09C8DB}
	EndGlobalSection
EndGlobal
